
Microsoft Visual Studio Solution File, Format Version 12.00
# Visual Studio Version 16
VisualStudioVersion = 16.0.31729.503
MinimumVisualStudioVersion = 10.0.40219.1
Project("{FAE04EC0-301F-11D3-BF4B-00C04F79EFBC}") = "BoxData", "BoxData\BoxData.csproj", "{B1739482-2B7A-4455-94E5-2122BE7CC898}"
EndProject
Project("{FAE04EC0-301F-11D3-BF4B-00C04F79EFBC}") = "AnimalFarm", "AnimalFarm\AnimalFarm.csproj", "{AA014E6B-1FD2-4F9B-A5F1-0077C28CD079}"
EndProject
Project("{FAE04EC0-301F-11D3-BF4B-00C04F79EFBC}") = "ShoppingSpree", "ShoppingSpree\ShoppingSpree.csproj", "{3854D6FF-56C5-49BA-A2D6-A8BFC9F667F2}"
EndProject
Project("{FAE04EC0-301F-11D3-BF4B-00C04F79EFBC}") = "PizzaCalories", "PizzaCalories\PizzaCalories.csproj", "{1F1A7A46-BF25-41A2-96C9-5493930D9745}"
EndProject
Global
	GlobalSection(SolutionConfigurationPlatforms) = preSolution
		Debug|Any CPU = Debug|Any CPU
		Release|Any CPU = Release|Any CPU
	EndGlobalSection
	GlobalSection(ProjectConfigurationPlatforms) = postSolution
		{B1739482-2B7A-4455-94E5-2122BE7CC898}.Debug|Any CPU.ActiveCfg = Debug|Any CPU
		{B1739482-2B7A-4455-94E5-2122BE7CC898}.Debug|Any CPU.Build.0 = Debug|Any CPU
		{B1739482-2B7A-4455-94E5-2122BE7CC898}.Release|Any CPU.ActiveCfg = Release|Any CPU
		{B1739482-2B7A-4455-94E5-2122BE7CC898}.Release|Any CPU.Build.0 = Release|Any CPU
		{AA014E6B-1FD2-4F9B-A5F1-0077C28CD079}.Debug|Any CPU.ActiveCfg = Debug|Any CPU
		{AA014E6B-1FD2-4F9B-A5F1-0077C28CD079}.Debug|Any CPU.Build.0 = Debug|Any CPU
		{AA014E6B-1FD2-4F9B-A5F1-0077C28CD079}.Release|Any CPU.ActiveCfg = Release|Any CPU
		{AA014E6B-1FD2-4F9B-A5F1-0077C28CD079}.Release|Any CPU.Build.0 = Release|Any CPU
		{3854D6FF-56C5-49BA-A2D6-A8BFC9F667F2}.Debug|Any CPU.ActiveCfg = Debug|Any CPU
		{3854D6FF-56C5-49BA-A2D6-A8BFC9F667F2}.Debug|Any CPU.Build.0 = Debug|Any CPU
		{3854D6FF-56C5-49BA-A2D6-A8BFC9F667F2}.Release|Any CPU.ActiveCfg = Release|Any CPU
		{3854D6FF-56C5-49BA-A2D6-A8BFC9F667F2}.Release|Any CPU.Build.0 = Release|Any CPU
		{1F1A7A46-BF25-41A2-96C9-5493930D9745}.Debug|Any CPU.ActiveCfg = Debug|Any CPU
		{1F1A7A46-BF25-41A2-96C9-5493930D9745}.Debug|Any CPU.Build.0 = Debug|Any CPU
		{1F1A7A46-BF25-41A2-96C9-5493930D9745}.Release|Any CPU.ActiveCfg = Release|Any CPU
		{1F1A7A46-BF25-41A2-96C9-5493930D9745}.Release|Any CPU.Build.0 = Release|Any CPU
	EndGlobalSection
	GlobalSection(SolutionProperties) = preSolution
		HideSolutionNode = FALSE
	EndGlobalSection
	GlobalSection(ExtensibilityGlobals) = postSolution
		SolutionGuid = {F898CDC0-B47A-4477-8211-EC1CACDE3451}
	EndGlobalSection
EndGlobal
